
Microsoft Visual Studio Solution File, Format Version 12.00
# Visual Studio Version 16
VisualStudioVersion = 16.0.33214.272
MinimumVisualStudioVersion = 10.0.40219.1
Project("{FAE04EC0-301F-11D3-BF4B-00C04F79EFBC}") = "Pet project", "Pet project.csproj", "{79FC8D8C-EF5D-44D0-A16B-617AB8314B9A}"
EndProject
Global
	GlobalSection(SolutionConfigurationPlatforms) = preSolution
		Debug|Any CPU = Debug|Any CPU
		Release|Any CPU = Release|Any CPU
	EndGlobalSection
	GlobalSection(ProjectConfigurationPlatforms) = postSolution
		{79FC8D8C-EF5D-44D0-A16B-617AB8314B9A}.Debug|Any CPU.ActiveCfg = Debug|Any CPU
		{79FC8D8C-EF5D-44D0-A16B-617AB8314B9A}.Debug|Any CPU.Build.0 = Debug|Any CPU
		{79FC8D8C-EF5D-44D0-A16B-617AB8314B9A}.Release|Any CPU.ActiveCfg = Release|Any CPU
		{79FC8D8C-EF5D-44D0-A16B-617AB8314B9A}.Release|Any CPU.Build.0 = Release|Any CPU
	EndGlobalSection
	GlobalSection(SolutionProperties) = preSolution
		HideSolutionNode = FALSE
	EndGlobalSection
	GlobalSection(ExtensibilityGlobals) = postSolution
		SolutionGuid = {6221B968-9594-40C3-B9B1-FEF00D9CB38F}
	EndGlobalSection
EndGlobal
